<?xml version="1.0" encoding="utf-8"?>
<Project ToolsVersion="4.0" xmlns="http://schemas.microsoft.com/developer/msbuild/2003">
  <ItemGroup>
    <Filter Include="dependencies">
      <UniqueIdentifier>{8CAD9F58-7810-2FFD-2196-67B30DD8FA7F}</UniqueIdentifier>
    </Filter>
    <Filter Include="dependencies\glad">
      <UniqueIdentifier>{13D8926A-7FEE-9000-C865-1C2234BB6188}</UniqueIdentifier>
    </Filter>
    <Filter Include="dependencies\glad\bin">
      <UniqueIdentifier>{3B1EB2A9-A78A-6DA4-707E-0502DCA98F0C}</UniqueIdentifier>
    </Filter>
    <Filter Include="dependencies\glad\bin\Debug-windows-x86_64">
      <UniqueIdentifier>{C59BF371-B103-BA3F-1A6F-CE5506F6D02B}</UniqueIdentifier>
    </Filter>
    <Filter Include="dependencies\glad\bin\Debug-windows-x86_64\glad">
      <UniqueIdentifier>{EC918100-58CD-E1C3-61C2-5E53CD7C66F4}</UniqueIdentifier>
    </Filter>
    <Filter Include="dependencies\glad\bin\Release-windows-x86_64">
      <UniqueIdentifier>{FF3F6C33-EB52-6C8C-943C-4979802E09DA}</UniqueIdentifier>
    </Filter>
    <Filter Include="dependencies\glad\bin\Release-windows-x86_64\glad">
      <UniqueIdentifier>{66EA4B82-D2B0-A89E-1B0C-370187111703}</UniqueIdentifier>
    </Filter>
    <Filter Include="dependencies\glfw">
      <UniqueIdentifier>{CBD8926A-37EF-9000-8066-1C22ECBB6188}</UniqueIdentifier>
    </Filter>
    <Filter Include="dependencies\imgui">
      <UniqueIdentifier>{F6B312BD-E297-D312-4BF8-CD6537FBBD94}</UniqueIdentifier>
    </Filter>
    <Filter Include="dependencies\imgui\bin">
      <UniqueIdentifier>{9E33B3AE-8A2D-DC00-739A-72115F33426D}</UniqueIdentifier>
    </Filter>
    <Filter Include="dependencies\imgui\bin\Debug-windows-x86_64">
      <UniqueIdentifier>{08AD545C-7412-E8E2-FDEA-89BB694FDD51}</UniqueIdentifier>
    </Filter>
    <Filter Include="dependencies\imgui\bin\Debug-windows-x86_64\ImGui">
      <UniqueIdentifier>{32C83C41-9E8E-995D-E7E9-27C053EF07C2}</UniqueIdentifier>
    </Filter>
    <Filter Include="dependencies\imgui\bin\Release-windows-x86_64">
      <UniqueIdentifier>{02AE563A-6E1E-59B3-373D-D33BA36C91B4}</UniqueIdentifier>
    </Filter>
    <Filter Include="dependencies\imgui\bin\Release-windows-x86_64\ImGui">
      <UniqueIdentifier>{AC1C1E45-182E-C6EB-A17F-582B0D904F25}</UniqueIdentifier>
    </Filter>
    <Filter Include="dependencies\imgui\examples">
      <UniqueIdentifier>{64D6496F-D0E3-7755-59CA-7340C5D6430C}</UniqueIdentifier>
    </Filter>
    <Filter Include="dependencies\imgui\examples\libs">
      <UniqueIdentifier>{3DF9B281-294A-9EC3-52AE-8C853E5E312D}</UniqueIdentifier>
    </Filter>
    <Filter Include="dependencies\imgui\examples\libs\glfw">
      <UniqueIdentifier>{1C1B4EC7-88DF-4CB7-5145-7D81BDC8E8EC}</UniqueIdentifier>
    </Filter>
    <Filter Include="dependencies\imgui\examples\libs\glfw\lib-vc2010-32">
      <UniqueIdentifier>{FDD3789B-69E5-2042-F236-B3815E47AA7B}</UniqueIdentifier>
    </Filter>
    <Filter Include="dependencies\imgui\examples\libs\glfw\lib-vc2010-64">
      <UniqueIdentifier>{62D4789B-CEE5-2042-5737-B381C347AA7B}</UniqueIdentifier>
    </Filter>
    <Filter Include="dependencies\yaml">
      <UniqueIdentifier>{AE899C6A-1AA0-9A00-6317-2622CF6C6B88}</UniqueIdentifier>
    </Filter>
    <Filter Include="dependencies\yaml\bin">
      <UniqueIdentifier>{56252114-C291-DC0E-8B85-746CF7B0FE76}</UniqueIdentifier>
    </Filter>
    <Filter Include="dependencies\yaml\bin\Debug-windows-x86_64">
      <UniqueIdentifier>{C0E1F845-AC49-BF13-15B5-D329013CD6FF}</UniqueIdentifier>
    </Filter>
    <Filter Include="dependencies\yaml\bin\Debug-windows-x86_64\yaml">
      <UniqueIdentifier>{627E225D-CEB9-8220-D7AE-FFAF43690751}</UniqueIdentifier>
    </Filter>
    <Filter Include="dependencies\yaml\bin\Debug-windows-x86_64\yaml-cpp">
      <UniqueIdentifier>{7240390D-DE51-E1B3-67A3-73F3D3B36AED}</UniqueIdentifier>
    </Filter>
    <Filter Include="dependencies\yaml\bin\Release-windows-x86_64">
      <UniqueIdentifier>{BAF0DA1D-A603-DB76-4FED-B7633BDF77C4}</UniqueIdentifier>
    </Filter>
    <Filter Include="dependencies\yaml\bin\Release-windows-x86_64\yaml">
      <UniqueIdentifier>{9CF9A661-08C0-037E-511B-92E0BD2072E2}</UniqueIdentifier>
    </Filter>
    <Filter Include="include">
      <UniqueIdentifier>{89AF369E-F58E-B539-FEA6-40106A051C9B}</UniqueIdentifier>
    </Filter>
    <Filter Include="include\event">
      <UniqueIdentifier>{BA0331A5-26C4-ACDB-EFFE-F5585B7EF1B7}</UniqueIdentifier>
    </Filter>
    <Filter Include="include\graphic">
      <UniqueIdentifier>{D642D945-42CE-460A-4BDF-C9FEB7E9A20A}</UniqueIdentifier>
    </Filter>
    <Filter Include="include\layer">
      <UniqueIdentifier>{357FA4A5-A13F-20DC-6A7A-6959D6F964B8}</UniqueIdentifier>
    </Filter>
    <Filter Include="include\math">
      <UniqueIdentifier>{22BEDE69-0E21-6E0E-B7A6-A6C4A3E83991}</UniqueIdentifier>
    </Filter>
    <Filter Include="include\renderer">
      <UniqueIdentifier>{6F19995C-5B12-B8AE-8444-9D33709C97BA}</UniqueIdentifier>
    </Filter>
    <Filter Include="include\renderer\opengl">
      <UniqueIdentifier>{2308D021-8F3F-18B9-9849-7CDC04003FB2}</UniqueIdentifier>
    </Filter>
    <Filter Include="include\scene">
      <UniqueIdentifier>{86EF23A6-F2AF-9FDC-BBEA-E859276AE4B8}</UniqueIdentifier>
    </Filter>
    <Filter Include="include\shader">
      <UniqueIdentifier>{2FFFF96A-1BCD-ED70-0461-5E97F0CDC9D5}</UniqueIdentifier>
    </Filter>
    <Filter Include="include\shader\opengl">
      <UniqueIdentifier>{E3F5FC58-4F62-B853-1856-50B18481DABB}</UniqueIdentifier>
    </Filter>
    <Filter Include="include\util">
      <UniqueIdentifier>{9670E369-82D3-720E-2B59-ABC4179B3E91}</UniqueIdentifier>
    </Filter>
    <Filter Include="src">
      <UniqueIdentifier>{2DAB880B-99B4-887C-2230-9F7C8E38947C}</UniqueIdentifier>
    </Filter>
  </ItemGroup>
  <ItemGroup>
    <ClInclude Include="include\application.h">
      <Filter>include</Filter>
    </ClInclude>
    <ClInclude Include="include\event\appevent.h">
      <Filter>include\event</Filter>
    </ClInclude>
    <ClInclude Include="include\event\event.h">
      <Filter>include\event</Filter>
    </ClInclude>
    <ClInclude Include="include\event\eventall.h">
      <Filter>include\event</Filter>
    </ClInclude>
    <ClInclude Include="include\event\keyboardevent.h">
      <Filter>include\event</Filter>
    </ClInclude>
    <ClInclude Include="include\event\mouseevent.h">
      <Filter>include\event</Filter>
    </ClInclude>
    <ClInclude Include="include\graphic\camera.h">
      <Filter>include\graphic</Filter>
    </ClInclude>
    <ClInclude Include="include\graphic\graphicall.h">
      <Filter>include\graphic</Filter>
    </ClInclude>
    <ClInclude Include="include\graphic\winWindow.h">
      <Filter>include\graphic</Filter>
    </ClInclude>
    <ClInclude Include="include\graphic\window.h">
      <Filter>include\graphic</Filter>
    </ClInclude>
    <ClInclude Include="include\input.h">
      <Filter>include</Filter>
    </ClInclude>
    <ClInclude Include="include\layer\imguiLayer.h">
      <Filter>include\layer</Filter>
    </ClInclude>
    <ClInclude Include="include\layer\layer.h">
      <Filter>include\layer</Filter>
    </ClInclude>
    <ClInclude Include="include\layer\layerStack.h">
      <Filter>include\layer</Filter>
    </ClInclude>
    <ClInclude Include="include\layer\layerall.h">
      <Filter>include\layer</Filter>
    </ClInclude>
    <ClInclude Include="include\math\mathall.h">
      <Filter>include\math</Filter>
    </ClInclude>
    <ClInclude Include="include\math\matrix.h">
      <Filter>include\math</Filter>
    </ClInclude>
    <ClInclude Include="include\math\vector.h">
      <Filter>include\math</Filter>
    </ClInclude>
    <ClInclude Include="include\renderer\buffer.h">
      <Filter>include\renderer</Filter>
    </ClInclude>
    <ClInclude Include="include\renderer\graphicContext.h">
      <Filter>include\renderer</Filter>
    </ClInclude>
    <ClInclude Include="include\renderer\opengl\openglBuffer.h">
      <Filter>include\renderer\opengl</Filter>
    </ClInclude>
    <ClInclude Include="include\renderer\opengl\openglContext.h">
      <Filter>include\renderer\opengl</Filter>
    </ClInclude>
    <ClInclude Include="include\renderer\opengl\openglRenderAPI.h">
      <Filter>include\renderer\opengl</Filter>
    </ClInclude>
    <ClInclude Include="include\renderer\opengl\openglTexture.h">
      <Filter>include\renderer\opengl</Filter>
    </ClInclude>
    <ClInclude Include="include\renderer\opengl\openglVarray.h">
      <Filter>include\renderer\opengl</Filter>
    </ClInclude>
    <ClInclude Include="include\renderer\renderAPI.h">
      <Filter>include\renderer</Filter>
    </ClInclude>
    <ClInclude Include="include\renderer\renderCommand.h">
      <Filter>include\renderer</Filter>
    </ClInclude>
    <ClInclude Include="include\renderer\renderall.h">
      <Filter>include\renderer</Filter>
    </ClInclude>
    <ClInclude Include="include\renderer\renderer.h">
      <Filter>include\renderer</Filter>
    </ClInclude>
    <ClInclude Include="include\renderer\texture.h">
      <Filter>include\renderer</Filter>
    </ClInclude>
    <ClInclude Include="include\renderer\vertexArray.h">
      <Filter>include\renderer</Filter>
    </ClInclude>
    <ClInclude Include="include\scene\component.h">
      <Filter>include\scene</Filter>
    </ClInclude>
    <ClInclude Include="include\scene\entity.h">
      <Filter>include\scene</Filter>
    </ClInclude>
    <ClInclude Include="include\scene\scene.h">
      <Filter>include\scene</Filter>
    </ClInclude>
    <ClInclude Include="include\scene\sceneall.h">
      <Filter>include\scene</Filter>
    </ClInclude>
    <ClInclude Include="include\scene\serializer.h">
      <Filter>include\scene</Filter>
    </ClInclude>
    <ClInclude Include="include\shader\opengl\openglShader.h">
      <Filter>include\shader\opengl</Filter>
    </ClInclude>
    <ClInclude Include="include\shader\shader.h">
      <Filter>include\shader</Filter>
    </ClInclude>
    <ClInclude Include="include\shader\shaderLib.h">
      <Filter>include\shader</Filter>
    </ClInclude>
    <ClInclude Include="include\shader\shaderall.h">
      <Filter>include\shader</Filter>
    </ClInclude>
    <ClInclude Include="include\stbImage.h">
      <Filter>include</Filter>
    </ClInclude>
    <ClInclude Include="include\tpch.h">
      <Filter>include</Filter>
    </ClInclude>
    <ClInclude Include="include\util\utilall.h">
      <Filter>include\util</Filter>
    </ClInclude>
    <ClInclude Include="include\util\utillog.h">
      <Filter>include\util</Filter>
    </ClInclude>
    <ClInclude Include="include\util\utiltimer.h">
      <Filter>include\util</Filter>
    </ClInclude>
    <ClInclude Include="tengine_all.h" />
    <ClInclude Include="tengine_core.h" />
  </ItemGroup>
  <ItemGroup>
    <ClCompile Include="src\application.cpp">
      <Filter>src</Filter>
    </ClCompile>
    <ClCompile Include="src\graphics.cpp">
      <Filter>src</Filter>
    </ClCompile>
    <ClCompile Include="src\imguiBuild.cpp">
      <Filter>src</Filter>
    </ClCompile>
    <ClCompile Include="src\inputs.cpp">
      <Filter>src</Filter>
    </ClCompile>
    <ClCompile Include="src\layers.cpp">
      <Filter>src</Filter>
    </ClCompile>
    <ClCompile Include="src\maths.cpp">
      <Filter>src</Filter>
    </ClCompile>
    <ClCompile Include="src\renderers.cpp">
      <Filter>src</Filter>
    </ClCompile>
    <ClCompile Include="src\scenes.cpp">
      <Filter>src</Filter>
    </ClCompile>
    <ClCompile Include="src\shaders.cpp">
      <Filter>src</Filter>
    </ClCompile>
    <ClCompile Include="src\tpch.cpp">
      <Filter>src</Filter>
    </ClCompile>
    <ClCompile Include="src\utils.cpp">
      <Filter>src</Filter>
    </ClCompile>
    <ClCompile Include="tengine.cpp" />
  </ItemGroup>
  <ItemGroup>
    <None Include="..\dependencies\glad\bin\Debug-windows-x86_64\glad\glad.lib">
      <Filter>dependencies\glad\bin\Debug-windows-x86_64\glad</Filter>
    </None>
    <None Include="..\dependencies\glad\bin\Release-windows-x86_64\glad\glad.lib">
      <Filter>dependencies\glad\bin\Release-windows-x86_64\glad</Filter>
    </None>
    <None Include="..\dependencies\glfw\glfw3.lib">
      <Filter>dependencies\glfw</Filter>
    </None>
    <None Include="..\dependencies\glfw\glfw3_mt.lib">
      <Filter>dependencies\glfw</Filter>
    </None>
    <None Include="..\dependencies\glfw\glfw3dll.lib">
      <Filter>dependencies\glfw</Filter>
    </None>
    <None Include="..\dependencies\imgui\bin\Debug-windows-x86_64\ImGui\ImGui.lib">
      <Filter>dependencies\imgui\bin\Debug-windows-x86_64\ImGui</Filter>
    </None>
    <None Include="..\dependencies\imgui\bin\Release-windows-x86_64\ImGui\ImGui.lib">
      <Filter>dependencies\imgui\bin\Release-windows-x86_64\ImGui</Filter>
    </None>
    <None Include="..\dependencies\imgui\examples\libs\glfw\lib-vc2010-32\glfw3.lib">
      <Filter>dependencies\imgui\examples\libs\glfw\lib-vc2010-32</Filter>
    </None>
    <None Include="..\dependencies\imgui\examples\libs\glfw\lib-vc2010-64\glfw3.lib">
      <Filter>dependencies\imgui\examples\libs\glfw\lib-vc2010-64</Filter>
    </None>
    <None Include="..\dependencies\yaml\bin\Debug-windows-x86_64\yaml-cpp\yaml-cpp.lib">
      <Filter>dependencies\yaml\bin\Debug-windows-x86_64\yaml-cpp</Filter>
    </None>
    <None Include="..\dependencies\yaml\bin\Debug-windows-x86_64\yaml\yaml.lib">
      <Filter>dependencies\yaml\bin\Debug-windows-x86_64\yaml</Filter>
    </None>
    <None Include="..\dependencies\yaml\bin\Release-windows-x86_64\yaml\yaml.lib">
      <Filter>dependencies\yaml\bin\Release-windows-x86_64\yaml</Filter>
    </None>
  </ItemGroup>
</Project>